// !$*UTF8*$!
{
	archiveVersion = 1;
	classes = {
	};
	objectVersion = 77;
	objects = {

/* Begin PBXContainerItemProxy section */
		08DBED362E95246900CDF423 /* PBXContainerItemProxy */ = {
			isa = PBXContainerItemProxy;
			containerPortal = 08DBED202E95246800CDF423 /* Project object */;
			proxyType = 1;
			remoteGlobalIDString = 08DBED272E95246800CDF423;
			remoteInfo = VoiceOverDemo;
		};
		08DBED402E95246900CDF423 /* PBXContainerItemProxy */ = {
			isa = PBXContainerItemProxy;
			containerPortal = 08DBED202E95246800CDF423 /* Project object */;
			proxyType = 1;
			remoteGlobalIDString = 08DBED272E95246800CDF423;
			remoteInfo = VoiceOverDemo;
		};
/* End PBXContainerItemProxy section */

/* Begin PBXFileReference section */
		08DBED282E95246800CDF423 /* VoiceOverDemo.app */ = {isa = PBXFileReference; explicitFileType = wrapper.application; includeInIndex = 0; path = VoiceOverDemo.app; sourceTree = BUILT_PRODUCTS_DIR; };
		08DBED352E95246900CDF423 /* VoiceOverDemoTests.xctest */ = {isa = PBXFileReference; explicitFileType = wrapper.cfbundle; includeInIndex = 0; path = VoiceOverDemoTests.xctest; sourceTree = BUILT_PRODUCTS_DIR; };
		08DBED3F2E95246900CDF423 /* VoiceOverDemoUITests.xctest */ = {isa = PBXFileReference; explicitFileType = wrapper.cfbundle; includeInIndex = 0; path = VoiceOverDemoUITests.xctest; sourceTree = BUILT_PRODUCTS_DIR; };
/* End PBXFileReference section */

/* Begin PBXFileSystemSynchronizedRootGroup section */
		08DBED2A2E95246800CDF423 /* VoiceOverDemo */ = {
			isa = PBXFileSystemSynchronizedRootGroup;
			path = VoiceOverDemo;
			sourceTree = "<group>";
		};
		08DBED382E95246900CDF423 /* VoiceOverDemoTests */ = {
			isa = PBXFileSystemSynchronizedRootGroup;
			path = VoiceOverDemoTests;
			sourceTree = "<group>";
		};
		08DBED422E95246900CDF423 /* VoiceOverDemoUITests */ = {
			isa = PBXFileSystemSynchronizedRootGroup;
			path = VoiceOverDemoUITests;
			sourceTree = "<group>";
		};
/* End PBXFileSystemSynchronizedRootGroup section */

/* Begin PBXFrameworksBuildPhase section */
		08DBED252E95246800CDF423 /* Frameworks */ = {
			isa = PBXFrameworksBuildPhase;
			buildActionMask = 2147483647;
			files = (
			);
			runOnlyForDeploymentPostprocessing = 0;
		};
		08DBED322E95246900CDF423 /* Frameworks */ = {
			isa = PBXFrameworksBuildPhase;
			buildActionMask = 2147483647;
			files = (
			);
			runOnlyForDeploymentPostprocessing = 0;
		};
		08DBED3C2E95246900CDF423 /* Frameworks */ = {
			isa = PBXFrameworksBuildPhase;
			buildActionMask = 2147483647;
			files = (
			);
			runOnlyForDeploymentPostprocessing = 0;
		};
/* End PBXFrameworksBuildPhase section */

/* Begin PBXGroup section */
		08DBED1F2E95246800CDF423 = {
			isa = PBXGroup;
			children = (
				08DBED2A2E95246800CDF423 /* VoiceOverDemo */,
				08DBED382E95246900CDF423 /* VoiceOverDemoTests */,
				08DBED422E95246900CDF423 /* VoiceOverDemoUITests */,
				08DBED292E95246800CDF423 /* Products */,
			);
			sourceTree = "<group>";
		};
		08DBED292E95246800CDF423 /* Products */ = {
			isa = PBXGroup;
			children = (
				08DBED282E95246800CDF423 /* VoiceOverDemo.app */,
				08DBED352E95246900CDF423 /* VoiceOverDemoTests.xctest */,
				08DBED3F2E95246900CDF423 /* VoiceOverDemoUITests.xctest */,
			);
			name = Products;
			sourceTree = "<group>";
		};
/* End PBXGroup section */

/* Begin PBXNativeTarget section */
		08DBED272E95246800CDF423 /* VoiceOverDemo */ = {
			isa = PBXNativeTarget;
			buildConfigurationList = 08DBED492E95246900CDF423 /* Build configuration list for PBXNativeTarget "VoiceOverDemo" */;
			buildPhases = (
				08DBED242E95246800CDF423 /* Sources */,
				08DBED252E95246800CDF423 /* Frameworks */,
				08DBED262E95246800CDF423 /* Resources */,
			);
			buildRules = (
			);
			dependencies = (
			);
			fileSystemSynchronizedGroups = (
				08DBED2A2E95246800CDF423 /* VoiceOverDemo */,
			);
			name = VoiceOverDemo;
			packageProductDependencies = (
			);
			productName = VoiceOverDemo;
			productReference = 08DBED282E95246800CDF423 /* VoiceOverDemo.app */;
			productType = "com.apple.product-type.application";
		};
		08DBED342E95246900CDF423 /* VoiceOverDemoTests */ = {
			isa = PBXNativeTarget;
			buildConfigurationList = 08DBED4C2E95246900CDF423 /* Build configuration list for PBXNativeTarget "VoiceOverDemoTests" */;
			buildPhases = (
				08DBED312E95246900CDF423 /* Sources */,
				08DBED322E95246900CDF423 /* Frameworks */,
				08DBED332E95246900CDF423 /* Resources */,
			);
			buildRules = (
			);
			dependencies = (
				08DBED372E95246900CDF423 /* PBXTargetDependency */,
			);
			fileSystemSynchronizedGroups = (
				08DBED382E95246900CDF423 /* VoiceOverDemoTests */,
			);
			name = VoiceOverDemoTests;
			packageProductDependencies = (
			);
			productName = VoiceOverDemoTests;
			productReference = 08DBED352E95246900CDF423 /* VoiceOverDemoTests.xctest */;
			productType = "com.apple.product-type.bundle.unit-test";
		};
		08DBED3E2E95246900CDF423 /* VoiceOverDemoUITests */ = {
			isa = PBXNativeTarget;
			buildConfigurationList = 08DBED4F2E95246900CDF423 /* Build configuration list for PBXNativeTarget "VoiceOverDemoUITests" */;
			buildPhases = (
				08DBED3B2E95246900CDF423 /* Sources */,
				08DBED3C2E95246900CDF423 /* Frameworks */,
				08DBED3D2E95246900CDF423 /* Resources */,
			);
			buildRules = (
			);
			dependencies = (
				08DBED412E95246900CDF423 /* PBXTargetDependency */,
			);
			fileSystemSynchronizedGroups = (
				08DBED422E95246900CDF423 /* VoiceOverDemoUITests */,
			);
			name = VoiceOverDemoUITests;
			packageProductDependencies = (
			);
			productName = VoiceOverDemoUITests;
			productReference = 08DBED3F2E95246900CDF423 /* VoiceOverDemoUITests.xctest */;
			productType = "com.apple.product-type.bundle.ui-testing";
		};
/* End PBXNativeTarget section */

/* Begin PBXProject section */
		08DBED202E95246800CDF423 /* Project object */ = {
			isa = PBXProject;
			attributes = {
				BuildIndependentTargetsInParallel = 1;
				LastSwiftUpdateCheck = 1640;
				LastUpgradeCheck = 1640;
				TargetAttributes = {
					08DBED272E95246800CDF423 = {
						CreatedOnToolsVersion = 16.4;
					};
					08DBED342E95246900CDF423 = {
						CreatedOnToolsVersion = 16.4;
						TestTargetID = 08DBED272E95246800CDF423;
					};
					08DBED3E2E95246900CDF423 = {
						CreatedOnToolsVersion = 16.4;
						TestTargetID = 08DBED272E95246800CDF423;
					};
				};
			};
			buildConfigurationList = 08DBED232E95246800CDF423 /* Build configuration list for PBXProject "VoiceOverDemo" */;
			developmentRegion = en;
			hasScannedForEncodings = 0;
			knownRegions = (
				en,
				Base,
				fr,
				es,
			);
			mainGroup = 08DBED1F2E95246800CDF423;
			minimizedProjectReferenceProxies = 1;
			preferredProjectObjectVersion = 77;
			productRefGroup = 08DBED292E95246800CDF423 /* Products */;
			projectDirPath = "";
			projectRoot = "";
			targets = (
				08DBED272E95246800CDF423 /* VoiceOverDemo */,
				08DBED342E95246900CDF423 /* VoiceOverDemoTests */,
				08DBED3E2E95246900CDF423 /* VoiceOverDemoUITests */,
			);
		};
/* End PBXProject section */

/* Begin PBXResourcesBuildPhase section */
		08DBED262E95246800CDF423 /* Resources */ = {
			isa = PBXResourcesBuildPhase;
			buildActionMask = 2147483647;
			files = (
			);
			runOnlyForDeploymentPostprocessing = 0;
		};
		08DBED332E95246900CDF423 /* Resources */ = {
			isa = PBXResourcesBuildPhase;
			buildActionMask = 2147483647;
			files = (
			);
			runOnlyForDeploymentPostprocessing = 0;
		};
		08DBED3D2E95246900CDF423 /* Resources */ = {
			isa = PBXResourcesBuildPhase;
			buildActionMask = 2147483647;
			files = (
			);
			runOnlyForDeploymentPostprocessing = 0;
		};
/* End PBXResourcesBuildPhase section */

/* Begin PBXSourcesBuildPhase section */
		08DBED242E95246800CDF423 /* Sources */ = {
			isa = PBXSourcesBuildPhase;
			buildActionMask = 2147483647;
			files = (
			);
			runOnlyForDeploymentPostprocessing = 0;
		};
		08DBED312E95246900CDF423 /* Sources */ = {
			isa = PBXSourcesBuildPhase;
			buildActionMask = 2147483647;
			files = (
			);
			runOnlyForDeploymentPostprocessing = 0;
		};
		08DBED3B2E95246900CDF423 /* Sources */ = {
			isa = PBXSourcesBuildPhase;
			buildActionMask = 2147483647;
			files = (
			);
			runOnlyForDeploymentPostprocessing = 0;
		};
/* End PBXSourcesBuildPhase section */

/* Begin PBXTargetDependency section */
		08DBED372E95246900CDF423 /* PBXTargetDependency */ = {
			isa = PBXTargetDependency;
			target = 08DBED272E95246800CDF423 /* VoiceOverDemo */;
			targetProxy = 08DBED362E95246900CDF423 /* PBXContainerItemProxy */;
		};
		08DBED412E95246900CDF423 /* PBXTargetDependency */ = {
			isa = PBXTargetDependency;
			target = 08DBED272E95246800CDF423 /* VoiceOverDemo */;
			targetProxy = 08DBED402E95246900CDF423 /* PBXContainerItemProxy */;
		};
/* End PBXTargetDependency section */

/* Begin XCBuildConfiguration section */
		08DBED472E95246900CDF423 /* Debug */ = {
			isa = XCBuildConfiguration;
			buildSettings = {
				ALWAYS_SEARCH_USER_PATHS = NO;
				ASSETCATALOG_COMPILER_GENERATE_SWIFT_ASSET_SYMBOL_EXTENSIONS = YES;
				CLANG_ANALYZER_NONNULL = YES;
				CLANG_ANALYZER_NUMBER_OBJECT_CONVERSION = YES_AGGRESSIVE;
				CLANG_CXX_LANGUAGE_STANDARD = "gnu++20";
				CLANG_ENABLE_MODULES = YES;
				CLANG_ENABLE_OBJC_ARC = YES;
				CLANG_ENABLE_OBJC_WEAK = YES;
				CLANG_WARN_BLOCK_CAPTURE_AUTORELEASING = YES;
				CLANG_WARN_BOOL_CONVERSION = YES;
				CLANG_WARN_COMMA = YES;
				CLANG_WARN_CONSTANT_CONVERSION = YES;
				CLANG_WARN_DEPRECATED_OBJC_IMPLEMENTATIONS = YES;
				CLANG_WARN_DIRECT_OBJC_ISA_USAGE = YES_ERROR;
				CLANG_WARN_DOCUMENTATION_COMMENTS = YES;
				CLANG_WARN_EMPTY_BODY = YES;
				CLANG_WARN_ENUM_CONVERSION = YES;
				CLANG_WARN_INFINITE_RECURSION = YES;
				CLANG_WARN_INT_CONVERSION = YES;
				CLANG_WARN_NON_LITERAL_NULL_CONVERSION = YES;
				CLANG_WARN_OBJC_IMPLICIT_RETAIN_SELF = YES;
				CLANG_WARN_OBJC_LITERAL_CONVERSION = YES;
				CLANG_WARN_OBJC_ROOT_CLASS = YES_ERROR;
				CLANG_WARN_QUOTED_INCLUDE_IN_FRAMEWORK_HEADER = YES;
				CLANG_WARN_RANGE_LOOP_ANALYSIS = YES;
				CLANG_WARN_STRICT_PROTOTYPES = YES;
				CLANG_WARN_SUSPICIOUS_MOVE = YES;
				CLANG_WARN_UNGUARDED_AVAILABILITY = YES_AGGRESSIVE;
				CLANG_WARN_UNREACHABLE_CODE = YES;
				CLANG_WARN__DUPLICATE_METHOD_MATCH = YES;
				COPY_PHASE_STRIP = NO;
				DEBUG_INFORMATION_FORMAT = dwarf;
				ENABLE_STRICT_OBJC_MSGSEND = YES;
				ENABLE_TESTABILITY = YES;
				ENABLE_USER_SCRIPT_SANDBOXING = YES;
				GCC_C_LANGUAGE_STANDARD = gnu17;
				GCC_DYNAMIC_NO_PIC = NO;
				GCC_NO_COMMON_BLOCKS = YES;
				GCC_OPTIMIZATION_LEVEL = 0;
				GCC_PREPROCESSOR_DEFINITIONS = (
					"DEBUG=1",
					"$(inherited)",
				);
				GCC_WARN_64_TO_32_BIT_CONVERSION = YES;
				GCC_WARN_ABOUT_RETURN_TYPE = YES_ERROR;
				GCC_WARN_UNDECLARED_SELECTOR = YES;
				GCC_WARN_UNINITIALIZED_AUTOS = YES_AGGRESSIVE;
				GCC_WARN_UNUSED_FUNCTION = YES;
				GCC_WARN_UNUSED_VARIABLE = YES;
				IPHONEOS_DEPLOYMENT_TARGET = 18.5;
				LOCALIZATION_PREFERS_STRING_CATALOGS = YES;
				MTL_ENABLE_DEBUG_INFO = INCLUDE_SOURCE;
				MTL_FAST_MATH = YES;
				ONLY_ACTIVE_ARCH = YES;
				SDKROOT = iphoneos;
				SWIFT_ACTIVE_COMPILATION_CONDITIONS = "DEBUG $(inherited)";
				SWIFT_OPTIMIZATION_LEVEL = "-Onone";
			};
			name = Debug;
		};
		08DBED482E95246900CDF423 /* Release */ = {
			isa = XCBuildConfiguration;
			buildSettings = {
				ALWAYS_SEARCH_USER_PATHS = NO;
				ASSETCATALOG_COMPILER_GENERATE_SWIFT_ASSET_SYMBOL_EXTENSIONS = YES;
				CLANG_ANALYZER_NONNULL = YES;
				CLANG_ANALYZER_NUMBER_OBJECT_CONVERSION = YES_AGGRESSIVE;
				CLANG_CXX_LANGUAGE_STANDARD = "gnu++20";
				CLANG_ENABLE_MODULES = YES;
				CLANG_ENABLE_OBJC_ARC = YES;
				CLANG_ENABLE_OBJC_WEAK = YES;
				CLANG_WARN_BLOCK_CAPTURE_AUTORELEASING = YES;
				CLANG_WARN_BOOL_CONVERSION = YES;
				CLANG_WARN_COMMA = YES;
				CLANG_WARN_CONSTANT_CONVERSION = YES;
				CLANG_WARN_DEPRECATED_OBJC_IMPLEMENTATIONS = YES;
				CLANG_WARN_DIRECT_OBJC_ISA_USAGE = YES_ERROR;
				CLANG_WARN_DOCUMENTATION_COMMENTS = YES;
				CLANG_WARN_EMPTY_BODY = YES;
				CLANG_WARN_ENUM_CONVERSION = YES;
				CLANG_WARN_INFINITE_RECURSION = YES;
				CLANG_WARN_INT_CONVERSION = YES;
				CLANG_WARN_NON_LITERAL_NULL_CONVERSION = YES;
				CLANG_WARN_OBJC_IMPLICIT_RETAIN_SELF = YES;
				CLANG_WARN_OBJC_LITERAL_CONVERSION = YES;
				CLANG_WARN_OBJC_ROOT_CLASS = YES_ERROR;
				CLANG_WARN_QUOTED_INCLUDE_IN_FRAMEWORK_HEADER = YES;
				CLANG_WARN_RANGE_LOOP_ANALYSIS = YES;
				CLANG_WARN_STRICT_PROTOTYPES = YES;
				CLANG_WARN_SUSPICIOUS_MOVE = YES;
				CLANG_WARN_UNGUARDED_AVAILABILITY = YES_AGGRESSIVE;
				CLANG_WARN_UNREACHABLE_CODE = YES;
				CLANG_WARN__DUPLICATE_METHOD_MATCH = YES;
				COPY_PHASE_STRIP = NO;
				DEBUG_INFORMATION_FORMAT = "dwarf-with-dsym";
				ENABLE_NS_ASSERTIONS = NO;
				ENABLE_STRICT_OBJC_MSGSEND = YES;
				ENABLE_USER_SCRIPT_SANDBOXING = YES;
				GCC_C_LANGUAGE_STANDARD = gnu17;
				GCC_NO_COMMON_BLOCKS = YES;
				GCC_WARN_64_TO_32_BIT_CONVERSION = YES;
				GCC_WARN_ABOUT_RETURN_TYPE = YES_ERROR;
				GCC_WARN_UNDECLARED_SELECTOR = YES;
				GCC_WARN_UNINITIALIZED_AUTOS = YES_AGGRESSIVE;
				GCC_WARN_UNUSED_FUNCTION = YES;
				GCC_WARN_UNUSED_VARIABLE = YES;
				IPHONEOS_DEPLOYMENT_TARGET = 18.5;
				LOCALIZATION_PREFERS_STRING_CATALOGS = YES;
				MTL_ENABLE_DEBUG_INFO = NO;
				MTL_FAST_MATH = YES;
				SDKROOT = iphoneos;
				SWIFT_COMPILATION_MODE = wholemodule;
				VALIDATE_PRODUCT = YES;
			};
			name = Release;
		};
		08DBED4A2E95246900CDF423 /* Debug */ = {
			isa = XCBuildConfiguration;
			buildSettings = {
				ASSETCATALOG_COMPILER_APPICON_NAME = AppIcon;
				ASSETCATALOG_COMPILER_GLOBAL_ACCENT_COLOR_NAME = AccentColor;
				CODE_SIGN_STYLE = Automatic;
				CURRENT_PROJECT_VERSION = 1;
				ENABLE_PREVIEWS = YES;
				GENERATE_INFOPLIST_FILE = YES;
				INFOPLIST_KEY_UIApplicationSceneManifest_Generation = YES;
				INFOPLIST_KEY_UIApplicationSupportsIndirectInputEvents = YES;
				INFOPLIST_KEY_UILaunchScreen_Generation = YES;
				INFOPLIST_KEY_UISupportedInterfaceOrientations_iPad = "UIInterfaceOrientationPortrait UIInterfaceOrientationPortraitUpsideDown UIInterfaceOrientationLandscapeLeft UIInterfaceOrientationLandscapeRight";
				INFOPLIST_KEY_UISupportedInterfaceOrientations_iPhone = "UIInterfaceOrientationPortrait UIInterfaceOrientationLandscapeLeft UIInterfaceOrientationLandscapeRight";
				LD_RUNPATH_SEARCH_PATHS = (
					"$(inherited)",
					"@executable_path/Frameworks",
				);
				MARKETING_VERSION = 1.0;
				PRODUCT_BUNDLE_IDENTIFIER = com.test.accesstime.VoiceOverDemo;
				PRODUCT_NAME = "$(TARGET_NAME)";
				SWIFT_EMIT_LOC_STRINGS = YES;
				SWIFT_VERSION = 5.0;
				TARGETED_DEVICE_FAMILY = "1,2";
			};
			name = Debug;
		};
		08DBED4B2E95246900CDF423 /* Release */ = {
			isa = XCBuildConfiguration;
			buildSettings = {
				ASSETCATALOG_COMPILER_APPICON_NAME = AppIcon;
				ASSETCATALOG_COMPILER_GLOBAL_ACCENT_COLOR_NAME = AccentColor;
				CODE_SIGN_STYLE = Automatic;
				CURRENT_PROJECT_VERSION = 1;
				ENABLE_PREVIEWS = YES;
				GENERATE_INFOPLIST_FILE = YES;
				INFOPLIST_KEY_UIApplicationSceneManifest_Generation = YES;
				INFOPLIST_KEY_UIApplicationSupportsIndirectInputEvents = YES;
				INFOPLIST_KEY_UILaunchScreen_Generation = YES;
				INFOPLIST_KEY_UISupportedInterfaceOrientations_iPad = "UIInterfaceOrientationPortrait UIInterfaceOrientationPortraitUpsideDown UIInterfaceOrientationLandscapeLeft UIInterfaceOrientationLandscapeRight";
				INFOPLIST_KEY_UISupportedInterfaceOrientations_iPhone = "UIInterfaceOrientationPortrait UIInterfaceOrientationLandscapeLeft UIInterfaceOrientationLandscapeRight";
				LD_RUNPATH_SEARCH_PATHS = (
					"$(inherited)",
					"@executable_path/Frameworks",
				);
				MARKETING_VERSION = 1.0;
				PRODUCT_BUNDLE_IDENTIFIER = com.test.accesstime.VoiceOverDemo;
				PRODUCT_NAME = "$(TARGET_NAME)";
				SWIFT_EMIT_LOC_STRINGS = YES;
				SWIFT_VERSION = 5.0;
				TARGETED_DEVICE_FAMILY = "1,2";
			};
			name = Release;
		};
		08DBED4D2E95246900CDF423 /* Debug */ = {
			isa = XCBuildConfiguration;
			buildSettings = {
				BUNDLE_LOADER = "$(TEST_HOST)";
				CODE_SIGN_STYLE = Automatic;
				CURRENT_PROJECT_VERSION = 1;
				GENERATE_INFOPLIST_FILE = YES;
				IPHONEOS_DEPLOYMENT_TARGET = 18.5;
				MARKETING_VERSION = 1.0;
				PRODUCT_BUNDLE_IDENTIFIER = com.test.accesstime.VoiceOverDemoTests;
				PRODUCT_NAME = "$(TARGET_NAME)";
				SWIFT_EMIT_LOC_STRINGS = NO;
				SWIFT_VERSION = 5.0;
				TARGETED_DEVICE_FAMILY = "1,2";
				TEST_HOST = "$(BUILT_PRODUCTS_DIR)/VoiceOverDemo.app/$(BUNDLE_EXECUTABLE_FOLDER_PATH)/VoiceOverDemo";
			};
			name = Debug;
		};
		08DBED4E2E95246900CDF423 /* Release */ = {
			isa = XCBuildConfiguration;
			buildSettings = {
				BUNDLE_LOADER = "$(TEST_HOST)";
				CODE_SIGN_STYLE = Automatic;
				CURRENT_PROJECT_VERSION = 1;
				GENERATE_INFOPLIST_FILE = YES;
				IPHONEOS_DEPLOYMENT_TARGET = 18.5;
				MARKETING_VERSION = 1.0;
				PRODUCT_BUNDLE_IDENTIFIER = com.test.accesstime.VoiceOverDemoTests;
				PRODUCT_NAME = "$(TARGET_NAME)";
				SWIFT_EMIT_LOC_STRINGS = NO;
				SWIFT_VERSION = 5.0;
				TARGETED_DEVICE_FAMILY = "1,2";
				TEST_HOST = "$(BUILT_PRODUCTS_DIR)/VoiceOverDemo.app/$(BUNDLE_EXECUTABLE_FOLDER_PATH)/VoiceOverDemo";
			};
			name = Release;
		};
		08DBED502E95246900CDF423 /* Debug */ = {
			isa = XCBuildConfiguration;
			buildSettings = {
				CODE_SIGN_STYLE = Automatic;
				CURRENT_PROJECT_VERSION = 1;
				GENERATE_INFOPLIST_FILE = YES;
				MARKETING_VERSION = 1.0;
				PRODUCT_BUNDLE_IDENTIFIER = com.test.accesstime.VoiceOverDemoUITests;
				PRODUCT_NAME = "$(TARGET_NAME)";
				SWIFT_EMIT_LOC_STRINGS = NO;
				SWIFT_VERSION = 5.0;
				TARGETED_DEVICE_FAMILY = "1,2";
				TEST_TARGET_NAME = VoiceOverDemo;
			};
			name = Debug;
		};
		08DBED512E95246900CDF423 /* Release */ = {
			isa = XCBuildConfiguration;
			buildSettings = {
				CODE_SIGN_STYLE = Automatic;
				CURRENT_PROJECT_VERSION = 1;
				GENERATE_INFOPLIST_FILE = YES;
				MARKETING_VERSION = 1.0;
				PRODUCT_BUNDLE_IDENTIFIER = com.test.accesstime.VoiceOverDemoUITests;
				PRODUCT_NAME = "$(TARGET_NAME)";
				SWIFT_EMIT_LOC_STRINGS = NO;
				SWIFT_VERSION = 5.0;
				TARGETED_DEVICE_FAMILY = "1,2";
				TEST_TARGET_NAME = VoiceOverDemo;
			};
			name = Release;
		};
/* End XCBuildConfiguration section */

/* Begin XCConfigurationList section */
		08DBED232E95246800CDF423 /* Build configuration list for PBXProject "VoiceOverDemo" */ = {
			isa = XCConfigurationList;
			buildConfigurations = (
				08DBED472E95246900CDF423 /* Debug */,
				08DBED482E95246900CDF423 /* Release */,
			);
			defaultConfigurationIsVisible = 0;
			defaultConfigurationName = Release;
		};
		08DBED492E95246900CDF423 /* Build configuration list for PBXNativeTarget "VoiceOverDemo" */ = {
			isa = XCConfigurationList;
			buildConfigurations = (
				08DBED4A2E95246900CDF423 /* Debug */,
				08DBED4B2E95246900CDF423 /* Release */,
			);
			defaultConfigurationIsVisible = 0;
			defaultConfigurationName = Release;
		};
		08DBED4C2E95246900CDF423 /* Build configuration list for PBXNativeTarget "VoiceOverDemoTests" */ = {
			isa = XCConfigurationList;
			buildConfigurations = (
				08DBED4D2E95246900CDF423 /* Debug */,
				08DBED4E2E95246900CDF423 /* Release */,
			);
			defaultConfigurationIsVisible = 0;
			defaultConfigurationName = Release;
		};
		08DBED4F2E95246900CDF423 /* Build configuration list for PBXNativeTarget "VoiceOverDemoUITests" */ = {
			isa = XCConfigurationList;
			buildConfigurations = (
				08DBED502E95246900CDF423 /* Debug */,
				08DBED512E95246900CDF423 /* Release */,
			);
			defaultConfigurationIsVisible = 0;
			defaultConfigurationName = Release;
		};
/* End XCConfigurationList section */
	};
	rootObject = 08DBED202E95246800CDF423 /* Project object */;
}
